
Microsoft Visual Studio Solution File, Format Version 12.00
# Visual Studio 14
VisualStudioVersion = 14.0.24720.0
MinimumVisualStudioVersion = 10.0.40219.1
Project("{2150E333-8FDC-42A3-9474-1A3956D46DE8}") = "solution items", "solution items", "{17E9176D-83DA-4B7B-884E-FEEDC087CEC9}"
	ProjectSection(SolutionItems) = preProject
		build.fsx = build.fsx
		build.ps1 = build.ps1
		paket.dependencies = paket.dependencies
		paket.lock = paket.lock
	EndProjectSection
EndProject
Project("{FAE04EC0-301F-11D3-BF4B-00C04F79EFBC}") = "Library", "src\Library\Library.csproj", "{629D950F-8352-4063-B667-AF9C1CBEBB04}"
EndProject
Project("{FAE04EC0-301F-11D3-BF4B-00C04F79EFBC}") = "UnitTest", "test\UnitTest\UnitTest.csproj", "{EA6DF167-3170-42CD-AF2E-78B2452E58BC}"
EndProject
Global
	GlobalSection(SolutionConfigurationPlatforms) = preSolution
		Debug|Any CPU = Debug|Any CPU
		Release|Any CPU = Release|Any CPU
	EndGlobalSection
	GlobalSection(ProjectConfigurationPlatforms) = postSolution
		{629D950F-8352-4063-B667-AF9C1CBEBB04}.Debug|Any CPU.ActiveCfg = Debug|Any CPU
		{629D950F-8352-4063-B667-AF9C1CBEBB04}.Debug|Any CPU.Build.0 = Debug|Any CPU
		{629D950F-8352-4063-B667-AF9C1CBEBB04}.Release|Any CPU.ActiveCfg = Release|Any CPU
		{629D950F-8352-4063-B667-AF9C1CBEBB04}.Release|Any CPU.Build.0 = Release|Any CPU
		{EA6DF167-3170-42CD-AF2E-78B2452E58BC}.Debug|Any CPU.ActiveCfg = Debug|Any CPU
		{EA6DF167-3170-42CD-AF2E-78B2452E58BC}.Debug|Any CPU.Build.0 = Debug|Any CPU
		{EA6DF167-3170-42CD-AF2E-78B2452E58BC}.Release|Any CPU.ActiveCfg = Release|Any CPU
		{EA6DF167-3170-42CD-AF2E-78B2452E58BC}.Release|Any CPU.Build.0 = Release|Any CPU
	EndGlobalSection
	GlobalSection(SolutionProperties) = preSolution
		HideSolutionNode = FALSE
	EndGlobalSection
EndGlobal
